
Microsoft Visual Studio Solution File, Format Version 12.00
# Visual Studio Version 17
VisualStudioVersion = 17.5.33516.290
MinimumVisualStudioVersion = 10.0.40219.1
Project("{9A19103F-16F7-4668-BE54-9A1E7A4F7556}") = "Main", "Main.csproj", "{6B60CD99-E5B2-4791-A961-98EB058C1777}"
EndProject
Project("{9A19103F-16F7-4668-BE54-9A1E7A4F7556}") = "Data_Layer", "..\Data Layer\Data_Layer.csproj", "{F1F14146-3CF7-4616-8C1F-86AED8390E8E}"
EndProject
Project("{9A19103F-16F7-4668-BE54-9A1E7A4F7556}") = "Infrastructure_Layer", "..\Infrastructure Layer\Infrastructure_Layer.csproj", "{CDD4A628-2D05-4A66-B410-0CB51DCDB3D5}"
EndProject
Global
	GlobalSection(SolutionConfigurationPlatforms) = preSolution
		Debug|Any CPU = Debug|Any CPU
		Release|Any CPU = Release|Any CPU
	EndGlobalSection
	GlobalSection(ProjectConfigurationPlatforms) = postSolution
		{6B60CD99-E5B2-4791-A961-98EB058C1777}.Debug|Any CPU.ActiveCfg = Debug|Any CPU
		{6B60CD99-E5B2-4791-A961-98EB058C1777}.Debug|Any CPU.Build.0 = Debug|Any CPU
		{6B60CD99-E5B2-4791-A961-98EB058C1777}.Release|Any CPU.ActiveCfg = Release|Any CPU
		{6B60CD99-E5B2-4791-A961-98EB058C1777}.Release|Any CPU.Build.0 = Release|Any CPU
		{F1F14146-3CF7-4616-8C1F-86AED8390E8E}.Debug|Any CPU.ActiveCfg = Debug|Any CPU
		{F1F14146-3CF7-4616-8C1F-86AED8390E8E}.Debug|Any CPU.Build.0 = Debug|Any CPU
		{F1F14146-3CF7-4616-8C1F-86AED8390E8E}.Release|Any CPU.ActiveCfg = Release|Any CPU
		{F1F14146-3CF7-4616-8C1F-86AED8390E8E}.Release|Any CPU.Build.0 = Release|Any CPU
		{CDD4A628-2D05-4A66-B410-0CB51DCDB3D5}.Debug|Any CPU.ActiveCfg = Debug|Any CPU
		{CDD4A628-2D05-4A66-B410-0CB51DCDB3D5}.Debug|Any CPU.Build.0 = Debug|Any CPU
		{CDD4A628-2D05-4A66-B410-0CB51DCDB3D5}.Release|Any CPU.ActiveCfg = Release|Any CPU
		{CDD4A628-2D05-4A66-B410-0CB51DCDB3D5}.Release|Any CPU.Build.0 = Release|Any CPU
	EndGlobalSection
	GlobalSection(SolutionProperties) = preSolution
		HideSolutionNode = FALSE
	EndGlobalSection
	GlobalSection(ExtensibilityGlobals) = postSolution
		SolutionGuid = {B64CEEC6-7B0E-4A12-87E7-19C8305FB832}
	EndGlobalSection
EndGlobal
